// !$*UTF8*$!
{
	archiveVersion = 1;
	classes = {
	};
	objectVersion = 51;
	objects = {

/* Begin PBXBuildFile section */
		B6E9ECA675BE2637EC90B583 /* Pods_Webkeyz_hotels.framework in Frameworks */ = {isa = PBXBuildFile; fileRef = B83107CAC497DBB202A99D6D /* Pods_Webkeyz_hotels.framework */; };
		EDFBB2CF25C11B4E001CC31F /* AppDelegate.swift in Sources */ = {isa = PBXBuildFile; fileRef = EDFBB2CE25C11B4E001CC31F /* AppDelegate.swift */; };
		EDFBB2D125C11B4E001CC31F /* SceneDelegate.swift in Sources */ = {isa = PBXBuildFile; fileRef = EDFBB2D025C11B4E001CC31F /* SceneDelegate.swift */; };
		EDFBB2D325C11B4E001CC31F /* HotelsViewController.swift in Sources */ = {isa = PBXBuildFile; fileRef = EDFBB2D225C11B4E001CC31F /* HotelsViewController.swift */; };
		EDFBB2D625C11B4E001CC31F /* Main.storyboard in Resources */ = {isa = PBXBuildFile; fileRef = EDFBB2D425C11B4E001CC31F /* Main.storyboard */; };
		EDFBB2D825C11B50001CC31F /* Assets.xcassets in Resources */ = {isa = PBXBuildFile; fileRef = EDFBB2D725C11B50001CC31F /* Assets.xcassets */; };
		EDFBB2DB25C11B50001CC31F /* LaunchScreen.storyboard in Resources */ = {isa = PBXBuildFile; fileRef = EDFBB2D925C11B50001CC31F /* LaunchScreen.storyboard */; };
		EDFBB2F325C11C58001CC31F /* Hotels.swift in Sources */ = {isa = PBXBuildFile; fileRef = EDFBB2F225C11C58001CC31F /* Hotels.swift */; };
		EDFBB2F625C11C6D001CC31F /* ApiClient.swift in Sources */ = {isa = PBXBuildFile; fileRef = EDFBB2F525C11C6D001CC31F /* ApiClient.swift */; };
		EDFBB2F925C11C89001CC31F /* Constants.swift in Sources */ = {isa = PBXBuildFile; fileRef = EDFBB2F825C11C89001CC31F /* Constants.swift */; };
		EDFBB2FD25C11F59001CC31F /* HotelsCollectionViewCell.swift in Sources */ = {isa = PBXBuildFile; fileRef = EDFBB2FC25C11F59001CC31F /* HotelsCollectionViewCell.swift */; };
		EDFBB30025C120EE001CC31F /* CollectionViewWaterfallLayout.swift in Sources */ = {isa = PBXBuildFile; fileRef = EDFBB2FF25C120EE001CC31F /* CollectionViewWaterfallLayout.swift */; };
		EDFBB30425C1212C001CC31F /* BaseView.swift in Sources */ = {isa = PBXBuildFile; fileRef = EDFBB30325C1212C001CC31F /* BaseView.swift */; };
		EDFBB30725C121C8001CC31F /* HotelDetailsViewController.swift in Sources */ = {isa = PBXBuildFile; fileRef = EDFBB30625C121C8001CC31F /* HotelDetailsViewController.swift */; };
		EDFBB30E25C19F9B001CC31F /* ImageExtensions.swift in Sources */ = {isa = PBXBuildFile; fileRef = EDFBB30D25C19F9A001CC31F /* ImageExtensions.swift */; };
		EDFBB31525C1AFBD001CC31F /* NetworkReachability.swift in Sources */ = {isa = PBXBuildFile; fileRef = EDFBB31425C1AFBC001CC31F /* NetworkReachability.swift */; };
		EDFBB31925C1D004001CC31F /* HotelsTableViewCell.swift in Sources */ = {isa = PBXBuildFile; fileRef = EDFBB31825C1D004001CC31F /* HotelsTableViewCell.swift */; };
		EDFBB31C25C1D037001CC31F /* HotelsTableViewController.swift in Sources */ = {isa = PBXBuildFile; fileRef = EDFBB31B25C1D037001CC31F /* HotelsTableViewController.swift */; };
/* End PBXBuildFile section */

/* Begin PBXFileReference section */
		B83107CAC497DBB202A99D6D /* Pods_Webkeyz_hotels.framework */ = {isa = PBXFileReference; explicitFileType = wrapper.framework; includeInIndex = 0; path = Pods_Webkeyz_hotels.framework; sourceTree = BUILT_PRODUCTS_DIR; };
		EC6DBA6C687795031153C55A /* Pods-Webkeyz hotels.release.xcconfig */ = {isa = PBXFileReference; includeInIndex = 1; lastKnownFileType = text.xcconfig; name = "Pods-Webkeyz hotels.release.xcconfig"; path = "Target Support Files/Pods-Webkeyz hotels/Pods-Webkeyz hotels.release.xcconfig"; sourceTree = "<group>"; };
		EDFBB2CB25C11B4E001CC31F /* Webkeyz hotels.app */ = {isa = PBXFileReference; explicitFileType = wrapper.application; includeInIndex = 0; path = "Webkeyz hotels.app"; sourceTree = BUILT_PRODUCTS_DIR; };
		EDFBB2CE25C11B4E001CC31F /* AppDelegate.swift */ = {isa = PBXFileReference; lastKnownFileType = sourcecode.swift; path = AppDelegate.swift; sourceTree = "<group>"; };
		EDFBB2D025C11B4E001CC31F /* SceneDelegate.swift */ = {isa = PBXFileReference; lastKnownFileType = sourcecode.swift; path = SceneDelegate.swift; sourceTree = "<group>"; };
		EDFBB2D225C11B4E001CC31F /* HotelsViewController.swift */ = {isa = PBXFileReference; lastKnownFileType = sourcecode.swift; path = HotelsViewController.swift; sourceTree = "<group>"; };
		EDFBB2D525C11B4E001CC31F /* Base */ = {isa = PBXFileReference; lastKnownFileType = file.storyboard; name = Base; path = Base.lproj/Main.storyboard; sourceTree = "<group>"; };
		EDFBB2D725C11B50001CC31F /* Assets.xcassets */ = {isa = PBXFileReference; lastKnownFileType = folder.assetcatalog; path = Assets.xcassets; sourceTree = "<group>"; };
		EDFBB2DA25C11B50001CC31F /* Base */ = {isa = PBXFileReference; lastKnownFileType = file.storyboard; name = Base; path = Base.lproj/LaunchScreen.storyboard; sourceTree = "<group>"; };
		EDFBB2DC25C11B50001CC31F /* Info.plist */ = {isa = PBXFileReference; lastKnownFileType = text.plist.xml; path = Info.plist; sourceTree = "<group>"; };
		EDFBB2F225C11C58001CC31F /* Hotels.swift */ = {isa = PBXFileReference; lastKnownFileType = sourcecode.swift; path = Hotels.swift; sourceTree = "<group>"; };
		EDFBB2F525C11C6D001CC31F /* ApiClient.swift */ = {isa = PBXFileReference; lastKnownFileType = sourcecode.swift; path = ApiClient.swift; sourceTree = "<group>"; };
		EDFBB2F825C11C89001CC31F /* Constants.swift */ = {isa = PBXFileReference; lastKnownFileType = sourcecode.swift; path = Constants.swift; sourceTree = "<group>"; };
		EDFBB2FC25C11F59001CC31F /* HotelsCollectionViewCell.swift */ = {isa = PBXFileReference; lastKnownFileType = sourcecode.swift; path = HotelsCollectionViewCell.swift; sourceTree = "<group>"; };
		EDFBB2FF25C120EE001CC31F /* CollectionViewWaterfallLayout.swift */ = {isa = PBXFileReference; lastKnownFileType = sourcecode.swift; path = CollectionViewWaterfallLayout.swift; sourceTree = "<group>"; };
		EDFBB30325C1212C001CC31F /* BaseView.swift */ = {isa = PBXFileReference; lastKnownFileType = sourcecode.swift; path = BaseView.swift; sourceTree = "<group>"; };
		EDFBB30625C121C8001CC31F /* HotelDetailsViewController.swift */ = {isa = PBXFileReference; lastKnownFileType = sourcecode.swift; path = HotelDetailsViewController.swift; sourceTree = "<group>"; };
		EDFBB30D25C19F9A001CC31F /* ImageExtensions.swift */ = {isa = PBXFileReference; lastKnownFileType = sourcecode.swift; path = ImageExtensions.swift; sourceTree = "<group>"; };
		EDFBB31425C1AFBC001CC31F /* NetworkReachability.swift */ = {isa = PBXFileReference; lastKnownFileType = sourcecode.swift; path = NetworkReachability.swift; sourceTree = "<group>"; };
		EDFBB31825C1D004001CC31F /* HotelsTableViewCell.swift */ = {isa = PBXFileReference; lastKnownFileType = sourcecode.swift; path = HotelsTableViewCell.swift; sourceTree = "<group>"; };
		EDFBB31B25C1D037001CC31F /* HotelsTableViewController.swift */ = {isa = PBXFileReference; lastKnownFileType = sourcecode.swift; path = HotelsTableViewController.swift; sourceTree = "<group>"; };
		FEBA5FDB31C22B8040E1923E /* Pods-Webkeyz hotels.debug.xcconfig */ = {isa = PBXFileReference; includeInIndex = 1; lastKnownFileType = text.xcconfig; name = "Pods-Webkeyz hotels.debug.xcconfig"; path = "Target Support Files/Pods-Webkeyz hotels/Pods-Webkeyz hotels.debug.xcconfig"; sourceTree = "<group>"; };
/* End PBXFileReference section */

/* Begin PBXFrameworksBuildPhase section */
		EDFBB2C825C11B4E001CC31F /* Frameworks */ = {
			isa = PBXFrameworksBuildPhase;
			buildActionMask = 2147483647;
			files = (
				B6E9ECA675BE2637EC90B583 /* Pods_Webkeyz_hotels.framework in Frameworks */,
			);
			runOnlyForDeploymentPostprocessing = 0;
		};
/* End PBXFrameworksBuildPhase section */

/* Begin PBXGroup section */
		0E4365A2D8C044938B658B41 /* Pods */ = {
			isa = PBXGroup;
			children = (
				FEBA5FDB31C22B8040E1923E /* Pods-Webkeyz hotels.debug.xcconfig */,
				EC6DBA6C687795031153C55A /* Pods-Webkeyz hotels.release.xcconfig */,
			);
			path = Pods;
			sourceTree = "<group>";
		};
		604AB658813820D94D8635D0 /* Frameworks */ = {
			isa = PBXGroup;
			children = (
				B83107CAC497DBB202A99D6D /* Pods_Webkeyz_hotels.framework */,
			);
			name = Frameworks;
			sourceTree = "<group>";
		};
		EDFBB2C225C11B4E001CC31F = {
			isa = PBXGroup;
			children = (
				EDFBB2CD25C11B4E001CC31F /* Webkeyz hotels */,
				EDFBB2CC25C11B4E001CC31F /* Products */,
				0E4365A2D8C044938B658B41 /* Pods */,
				604AB658813820D94D8635D0 /* Frameworks */,
			);
			sourceTree = "<group>";
		};
		EDFBB2CC25C11B4E001CC31F /* Products */ = {
			isa = PBXGroup;
			children = (
				EDFBB2CB25C11B4E001CC31F /* Webkeyz hotels.app */,
			);
			name = Products;
			sourceTree = "<group>";
		};
		EDFBB2CD25C11B4E001CC31F /* Webkeyz hotels */ = {
			isa = PBXGroup;
			children = (
				EDFBB2E925C11C00001CC31F /* Network */,
				EDFBB2F125C11C34001CC31F /* Extensions */,
				EDFBB2EB25C11C10001CC31F /* Models */,
				EDFBB2EE25C11C1E001CC31F /* Controllers */,
				EDFBB2EC25C11C18001CC31F /* Resources */,
				EDFBB33225C2162B001CC31F /* Delegates */,
				EDFBB2DC25C11B50001CC31F /* Info.plist */,
			);
			path = "Webkeyz hotels";
			sourceTree = "<group>";
		};
		EDFBB2E925C11C00001CC31F /* Network */ = {
			isa = PBXGroup;
			children = (
				EDFBB2F525C11C6D001CC31F /* ApiClient.swift */,
				EDFBB2F825C11C89001CC31F /* Constants.swift */,
				EDFBB31425C1AFBC001CC31F /* NetworkReachability.swift */,
			);
			path = Network;
			sourceTree = "<group>";
		};
		EDFBB2EB25C11C10001CC31F /* Models */ = {
			isa = PBXGroup;
			children = (
				EDFBB2F225C11C58001CC31F /* Hotels.swift */,
			);
			path = Models;
			sourceTree = "<group>";
		};
		EDFBB2EC25C11C18001CC31F /* Resources */ = {
			isa = PBXGroup;
			children = (
				EDFBB2D425C11B4E001CC31F /* Main.storyboard */,
				EDFBB2D725C11B50001CC31F /* Assets.xcassets */,
				EDFBB2D925C11B50001CC31F /* LaunchScreen.storyboard */,
			);
			path = Resources;
			sourceTree = "<group>";
		};
		EDFBB2EE25C11C1E001CC31F /* Controllers */ = {
			isa = PBXGroup;
			children = (
				EDFBB32E25C21543001CC31F /* HotelDetails */,
				EDFBB32925C214EB001CC31F /* HotelList */,
				EDFBB32425C2149D001CC31F /* HotelWaterfall */,
			);
			path = Controllers;
			sourceTree = "<group>";
		};
		EDFBB2F125C11C34001CC31F /* Extensions */ = {
			isa = PBXGroup;
			children = (
				EDFBB2FF25C120EE001CC31F /* CollectionViewWaterfallLayout.swift */,
				EDFBB30325C1212C001CC31F /* BaseView.swift */,
				EDFBB30D25C19F9A001CC31F /* ImageExtensions.swift */,
			);
			path = Extensions;
			sourceTree = "<group>";
		};
		EDFBB32425C2149D001CC31F /* HotelWaterfall */ = {
			isa = PBXGroup;
			children = (
				EDFBB32625C214C2001CC31F /* WaterfallCell */,
				EDFBB2D225C11B4E001CC31F /* HotelsViewController.swift */,
			);
			path = HotelWaterfall;
			sourceTree = "<group>";
		};
		EDFBB32625C214C2001CC31F /* WaterfallCell */ = {
			isa = PBXGroup;
			children = (
				EDFBB2FC25C11F59001CC31F /* HotelsCollectionViewCell.swift */,
			);
			path = WaterfallCell;
			sourceTree = "<group>";
		};
		EDFBB32925C214EB001CC31F /* HotelList */ = {
			isa = PBXGroup;
			children = (
				EDFBB32A25C214F6001CC31F /* TableCell */,
				EDFBB31B25C1D037001CC31F /* HotelsTableViewController.swift */,
			);
			path = HotelList;
			sourceTree = "<group>";
		};
		EDFBB32A25C214F6001CC31F /* TableCell */ = {
			isa = PBXGroup;
			children = (
				EDFBB31825C1D004001CC31F /* HotelsTableViewCell.swift */,
			);
			path = TableCell;
			sourceTree = "<group>";
		};
		EDFBB32E25C21543001CC31F /* HotelDetails */ = {
			isa = PBXGroup;
			children = (
				EDFBB30625C121C8001CC31F /* HotelDetailsViewController.swift */,
			);
			path = HotelDetails;
			sourceTree = "<group>";
		};
		EDFBB33225C2162B001CC31F /* Delegates */ = {
			isa = PBXGroup;
			children = (
				EDFBB2CE25C11B4E001CC31F /* AppDelegate.swift */,
				EDFBB2D025C11B4E001CC31F /* SceneDelegate.swift */,
			);
			path = Delegates;
			sourceTree = "<group>";
		};
/* End PBXGroup section */

/* Begin PBXNativeTarget section */
		EDFBB2CA25C11B4E001CC31F /* Webkeyz hotels */ = {
			isa = PBXNativeTarget;
			buildConfigurationList = EDFBB2DF25C11B50001CC31F /* Build configuration list for PBXNativeTarget "Webkeyz hotels" */;
			buildPhases = (
				BE4C07B7BB90C048422F9E2A /* [CP] Check Pods Manifest.lock */,
				EDFBB2C725C11B4E001CC31F /* Sources */,
				EDFBB2C825C11B4E001CC31F /* Frameworks */,
				EDFBB2C925C11B4E001CC31F /* Resources */,
				C23BF3C0C1C83DB157305BD4 /* [CP] Embed Pods Frameworks */,
			);
			buildRules = (
			);
			dependencies = (
			);
			name = "Webkeyz hotels";
			productName = "Webkeyz hotels";
			productReference = EDFBB2CB25C11B4E001CC31F /* Webkeyz hotels.app */;
			productType = "com.apple.product-type.application";
		};
/* End PBXNativeTarget section */

/* Begin PBXProject section */
		EDFBB2C325C11B4E001CC31F /* Project object */ = {
			isa = PBXProject;
			attributes = {
				LastSwiftUpdateCheck = 1230;
				LastUpgradeCheck = 1230;
				TargetAttributes = {
					EDFBB2CA25C11B4E001CC31F = {
						CreatedOnToolsVersion = 12.3;
					};
				};
			};
			buildConfigurationList = EDFBB2C625C11B4E001CC31F /* Build configuration list for PBXProject "Webkeyz hotels" */;
			compatibilityVersion = "Xcode 9.3";
			developmentRegion = en;
			hasScannedForEncodings = 0;
			knownRegions = (
				en,
				Base,
			);
			mainGroup = EDFBB2C225C11B4E001CC31F;
			productRefGroup = EDFBB2CC25C11B4E001CC31F /* Products */;
			projectDirPath = "";
			projectRoot = "";
			targets = (
				EDFBB2CA25C11B4E001CC31F /* Webkeyz hotels */,
			);
		};
/* End PBXProject section */

/* Begin PBXResourcesBuildPhase section */
		EDFBB2C925C11B4E001CC31F /* Resources */ = {
			isa = PBXResourcesBuildPhase;
			buildActionMask = 2147483647;
			files = (
				EDFBB2DB25C11B50001CC31F /* LaunchScreen.storyboard in Resources */,
				EDFBB2D825C11B50001CC31F /* Assets.xcassets in Resources */,
				EDFBB2D625C11B4E001CC31F /* Main.storyboard in Resources */,
			);
			runOnlyForDeploymentPostprocessing = 0;
		};
/* End PBXResourcesBuildPhase section */

/* Begin PBXShellScriptBuildPhase section */
		BE4C07B7BB90C048422F9E2A /* [CP] Check Pods Manifest.lock */ = {
			isa = PBXShellScriptBuildPhase;
			buildActionMask = 2147483647;
			files = (
			);
			inputFileListPaths = (
			);
			inputPaths = (
				"${PODS_PODFILE_DIR_PATH}/Podfile.lock",
				"${PODS_ROOT}/Manifest.lock",
			);
			name = "[CP] Check Pods Manifest.lock";
			outputFileListPaths = (
			);
			outputPaths = (
				"$(DERIVED_FILE_DIR)/Pods-Webkeyz hotels-checkManifestLockResult.txt",
			);
			runOnlyForDeploymentPostprocessing = 0;
			shellPath = /bin/sh;
			shellScript = "diff \"${PODS_PODFILE_DIR_PATH}/Podfile.lock\" \"${PODS_ROOT}/Manifest.lock\" > /dev/null\nif [ $? != 0 ] ; then\n    # print error to STDERR\n    echo \"error: The sandbox is not in sync with the Podfile.lock. Run 'pod install' or update your CocoaPods installation.\" >&2\n    exit 1\nfi\n# This output is used by Xcode 'outputs' to avoid re-running this script phase.\necho \"SUCCESS\" > \"${SCRIPT_OUTPUT_FILE_0}\"\n";
			showEnvVarsInLog = 0;
		};
		C23BF3C0C1C83DB157305BD4 /* [CP] Embed Pods Frameworks */ = {
			isa = PBXShellScriptBuildPhase;
			buildActionMask = 2147483647;
			files = (
			);
			inputFileListPaths = (
				"${PODS_ROOT}/Target Support Files/Pods-Webkeyz hotels/Pods-Webkeyz hotels-frameworks-${CONFIGURATION}-input-files.xcfilelist",
			);
			name = "[CP] Embed Pods Frameworks";
			outputFileListPaths = (
				"${PODS_ROOT}/Target Support Files/Pods-Webkeyz hotels/Pods-Webkeyz hotels-frameworks-${CONFIGURATION}-output-files.xcfilelist",
			);
			runOnlyForDeploymentPostprocessing = 0;
			shellPath = /bin/sh;
			shellScript = "\"${PODS_ROOT}/Target Support Files/Pods-Webkeyz hotels/Pods-Webkeyz hotels-frameworks.sh\"\n";
			showEnvVarsInLog = 0;
		};
/* End PBXShellScriptBuildPhase section */

/* Begin PBXSourcesBuildPhase section */
		EDFBB2C725C11B4E001CC31F /* Sources */ = {
			isa = PBXSourcesBuildPhase;
			buildActionMask = 2147483647;
			files = (
				EDFBB2D325C11B4E001CC31F /* HotelsViewController.swift in Sources */,
				EDFBB2CF25C11B4E001CC31F /* AppDelegate.swift in Sources */,
				EDFBB30E25C19F9B001CC31F /* ImageExtensions.swift in Sources */,
				EDFBB31C25C1D037001CC31F /* HotelsTableViewController.swift in Sources */,
				EDFBB2F325C11C58001CC31F /* Hotels.swift in Sources */,
				EDFBB2D125C11B4E001CC31F /* SceneDelegate.swift in Sources */,
				EDFBB2F625C11C6D001CC31F /* ApiClient.swift in Sources */,
				EDFBB30025C120EE001CC31F /* CollectionViewWaterfallLayout.swift in Sources */,
				EDFBB30725C121C8001CC31F /* HotelDetailsViewController.swift in Sources */,
				EDFBB31925C1D004001CC31F /* HotelsTableViewCell.swift in Sources */,
				EDFBB30425C1212C001CC31F /* BaseView.swift in Sources */,
				EDFBB2FD25C11F59001CC31F /* HotelsCollectionViewCell.swift in Sources */,
				EDFBB2F925C11C89001CC31F /* Constants.swift in Sources */,
				EDFBB31525C1AFBD001CC31F /* NetworkReachability.swift in Sources */,
			);
			runOnlyForDeploymentPostprocessing = 0;
		};
/* End PBXSourcesBuildPhase section */

/* Begin PBXVariantGroup section */
		EDFBB2D425C11B4E001CC31F /* Main.storyboard */ = {
			isa = PBXVariantGroup;
			children = (
				EDFBB2D525C11B4E001CC31F /* Base */,
			);
			name = Main.storyboard;
			sourceTree = "<group>";
		};
		EDFBB2D925C11B50001CC31F /* LaunchScreen.storyboard */ = {
			isa = PBXVariantGroup;
			children = (
				EDFBB2DA25C11B50001CC31F /* Base */,
			);
			name = LaunchScreen.storyboard;
			sourceTree = "<group>";
		};
/* End PBXVariantGroup section */

/* Begin XCBuildConfiguration section */
		EDFBB2DD25C11B50001CC31F /* Debug */ = {
			isa = XCBuildConfiguration;
			buildSettings = {
				ALWAYS_SEARCH_USER_PATHS = NO;
				CLANG_ANALYZER_NONNULL = YES;
				CLANG_ANALYZER_NUMBER_OBJECT_CONVERSION = YES_AGGRESSIVE;
				CLANG_CXX_LANGUAGE_STANDARD = "gnu++14";
				CLANG_CXX_LIBRARY = "libc++";
				CLANG_ENABLE_MODULES = YES;
				CLANG_ENABLE_OBJC_ARC = YES;
				CLANG_ENABLE_OBJC_WEAK = YES;
				CLANG_WARN_BLOCK_CAPTURE_AUTORELEASING = YES;
				CLANG_WARN_BOOL_CONVERSION = YES;
				CLANG_WARN_COMMA = YES;
				CLANG_WARN_CONSTANT_CONVERSION = YES;
				CLANG_WARN_DEPRECATED_OBJC_IMPLEMENTATIONS = YES;
				CLANG_WARN_DIRECT_OBJC_ISA_USAGE = YES_ERROR;
				CLANG_WARN_DOCUMENTATION_COMMENTS = YES;
				CLANG_WARN_EMPTY_BODY = YES;
				CLANG_WARN_ENUM_CONVERSION = YES;
				CLANG_WARN_INFINITE_RECURSION = YES;
				CLANG_WARN_INT_CONVERSION = YES;
				CLANG_WARN_NON_LITERAL_NULL_CONVERSION = YES;
				CLANG_WARN_OBJC_IMPLICIT_RETAIN_SELF = YES;
				CLANG_WARN_OBJC_LITERAL_CONVERSION = YES;
				CLANG_WARN_OBJC_ROOT_CLASS = YES_ERROR;
				CLANG_WARN_QUOTED_INCLUDE_IN_FRAMEWORK_HEADER = YES;
				CLANG_WARN_RANGE_LOOP_ANALYSIS = YES;
				CLANG_WARN_STRICT_PROTOTYPES = YES;
				CLANG_WARN_SUSPICIOUS_MOVE = YES;
				CLANG_WARN_UNGUARDED_AVAILABILITY = YES_AGGRESSIVE;
				CLANG_WARN_UNREACHABLE_CODE = YES;
				CLANG_WARN__DUPLICATE_METHOD_MATCH = YES;
				COPY_PHASE_STRIP = NO;
				DEBUG_INFORMATION_FORMAT = dwarf;
				ENABLE_STRICT_OBJC_MSGSEND = YES;
				ENABLE_TESTABILITY = YES;
				GCC_C_LANGUAGE_STANDARD = gnu11;
				GCC_DYNAMIC_NO_PIC = NO;
				GCC_NO_COMMON_BLOCKS = YES;
				GCC_OPTIMIZATION_LEVEL = 0;
				GCC_PREPROCESSOR_DEFINITIONS = (
					"DEBUG=1",
					"$(inherited)",
				);
				GCC_WARN_64_TO_32_BIT_CONVERSION = YES;
				GCC_WARN_ABOUT_RETURN_TYPE = YES_ERROR;
				GCC_WARN_UNDECLARED_SELECTOR = YES;
				GCC_WARN_UNINITIALIZED_AUTOS = YES_AGGRESSIVE;
				GCC_WARN_UNUSED_FUNCTION = YES;
				GCC_WARN_UNUSED_VARIABLE = YES;
				IPHONEOS_DEPLOYMENT_TARGET = 14.3;
				MTL_ENABLE_DEBUG_INFO = INCLUDE_SOURCE;
				MTL_FAST_MATH = YES;
				ONLY_ACTIVE_ARCH = YES;
				SDKROOT = iphoneos;
				SWIFT_ACTIVE_COMPILATION_CONDITIONS = DEBUG;
				SWIFT_OPTIMIZATION_LEVEL = "-Onone";
			};
			name = Debug;
		};
		EDFBB2DE25C11B50001CC31F /* Release */ = {
			isa = XCBuildConfiguration;
			buildSettings = {
				ALWAYS_SEARCH_USER_PATHS = NO;
				CLANG_ANALYZER_NONNULL = YES;
				CLANG_ANALYZER_NUMBER_OBJECT_CONVERSION = YES_AGGRESSIVE;
				CLANG_CXX_LANGUAGE_STANDARD = "gnu++14";
				CLANG_CXX_LIBRARY = "libc++";
				CLANG_ENABLE_MODULES = YES;
				CLANG_ENABLE_OBJC_ARC = YES;
				CLANG_ENABLE_OBJC_WEAK = YES;
				CLANG_WARN_BLOCK_CAPTURE_AUTORELEASING = YES;
				CLANG_WARN_BOOL_CONVERSION = YES;
				CLANG_WARN_COMMA = YES;
				CLANG_WARN_CONSTANT_CONVERSION = YES;
				CLANG_WARN_DEPRECATED_OBJC_IMPLEMENTATIONS = YES;
				CLANG_WARN_DIRECT_OBJC_ISA_USAGE = YES_ERROR;
				CLANG_WARN_DOCUMENTATION_COMMENTS = YES;
				CLANG_WARN_EMPTY_BODY = YES;
				CLANG_WARN_ENUM_CONVERSION = YES;
				CLANG_WARN_INFINITE_RECURSION = YES;
				CLANG_WARN_INT_CONVERSION = YES;
				CLANG_WARN_NON_LITERAL_NULL_CONVERSION = YES;
				CLANG_WARN_OBJC_IMPLICIT_RETAIN_SELF = YES;
				CLANG_WARN_OBJC_LITERAL_CONVERSION = YES;
				CLANG_WARN_OBJC_ROOT_CLASS = YES_ERROR;
				CLANG_WARN_QUOTED_INCLUDE_IN_FRAMEWORK_HEADER = YES;
				CLANG_WARN_RANGE_LOOP_ANALYSIS = YES;
				CLANG_WARN_STRICT_PROTOTYPES = YES;
				CLANG_WARN_SUSPICIOUS_MOVE = YES;
				CLANG_WARN_UNGUARDED_AVAILABILITY = YES_AGGRESSIVE;
				CLANG_WARN_UNREACHABLE_CODE = YES;
				CLANG_WARN__DUPLICATE_METHOD_MATCH = YES;
				COPY_PHASE_STRIP = NO;
				DEBUG_INFORMATION_FORMAT = "dwarf-with-dsym";
				ENABLE_NS_ASSERTIONS = NO;
				ENABLE_STRICT_OBJC_MSGSEND = YES;
				GCC_C_LANGUAGE_STANDARD = gnu11;
				GCC_NO_COMMON_BLOCKS = YES;
				GCC_WARN_64_TO_32_BIT_CONVERSION = YES;
				GCC_WARN_ABOUT_RETURN_TYPE = YES_ERROR;
				GCC_WARN_UNDECLARED_SELECTOR = YES;
				GCC_WARN_UNINITIALIZED_AUTOS = YES_AGGRESSIVE;
				GCC_WARN_UNUSED_FUNCTION = YES;
				GCC_WARN_UNUSED_VARIABLE = YES;
				IPHONEOS_DEPLOYMENT_TARGET = 14.3;
				MTL_ENABLE_DEBUG_INFO = NO;
				MTL_FAST_MATH = YES;
				SDKROOT = iphoneos;
				SWIFT_COMPILATION_MODE = wholemodule;
				SWIFT_OPTIMIZATION_LEVEL = "-O";
				VALIDATE_PRODUCT = YES;
			};
			name = Release;
		};
		EDFBB2E025C11B50001CC31F /* Debug */ = {
			isa = XCBuildConfiguration;
			baseConfigurationReference = FEBA5FDB31C22B8040E1923E /* Pods-Webkeyz hotels.debug.xcconfig */;
			buildSettings = {
				ASSETCATALOG_COMPILER_APPICON_NAME = AppIcon;
				ASSETCATALOG_COMPILER_GLOBAL_ACCENT_COLOR_NAME = AccentColor;
				CODE_SIGN_STYLE = Automatic;
				INFOPLIST_FILE = "Webkeyz hotels/Info.plist";
				LD_RUNPATH_SEARCH_PATHS = (
					"$(inherited)",
					"@executable_path/Frameworks",
				);
				PRODUCT_BUNDLE_IDENTIFIER = "Amr.Webkeyz-hotels";
				PRODUCT_NAME = "$(TARGET_NAME)";
				SWIFT_VERSION = 5.0;
				TARGETED_DEVICE_FAMILY = "1,2";
			};
			name = Debug;
		};
		EDFBB2E125C11B50001CC31F /* Release */ = {
			isa = XCBuildConfiguration;
			baseConfigurationReference = EC6DBA6C687795031153C55A /* Pods-Webkeyz hotels.release.xcconfig */;
			buildSettings = {
				ASSETCATALOG_COMPILER_APPICON_NAME = AppIcon;
				ASSETCATALOG_COMPILER_GLOBAL_ACCENT_COLOR_NAME = AccentColor;
				CODE_SIGN_STYLE = Automatic;
				INFOPLIST_FILE = "Webkeyz hotels/Info.plist";
				LD_RUNPATH_SEARCH_PATHS = (
					"$(inherited)",
					"@executable_path/Frameworks",
				);
				PRODUCT_BUNDLE_IDENTIFIER = "Amr.Webkeyz-hotels";
				PRODUCT_NAME = "$(TARGET_NAME)";
				SWIFT_VERSION = 5.0;
				TARGETED_DEVICE_FAMILY = "1,2";
			};
			name = Release;
		};
/* End XCBuildConfiguration section */

/* Begin XCConfigurationList section */
		EDFBB2C625C11B4E001CC31F /* Build configuration list for PBXProject "Webkeyz hotels" */ = {
			isa = XCConfigurationList;
			buildConfigurations = (
				EDFBB2DD25C11B50001CC31F /* Debug */,
				EDFBB2DE25C11B50001CC31F /* Release */,
			);
			defaultConfigurationIsVisible = 0;
			defaultConfigurationName = Release;
		};
		EDFBB2DF25C11B50001CC31F /* Build configuration list for PBXNativeTarget "Webkeyz hotels" */ = {
			isa = XCConfigurationList;
			buildConfigurations = (
				EDFBB2E025C11B50001CC31F /* Debug */,
				EDFBB2E125C11B50001CC31F /* Release */,
			);
			defaultConfigurationIsVisible = 0;
			defaultConfigurationName = Release;
		};
/* End XCConfigurationList section */
	};
	rootObject = EDFBB2C325C11B4E001CC31F /* Project object */;
}
